// !$*UTF8*$!
{
	archiveVersion = 1;
	classes = {
	};
	objectVersion = 46;
	objects = {

/* Begin PBXBuildFile section */
		520C92F81FA7066500AA7C8E /* AppDelegate.swift in Sources */ = {isa = PBXBuildFile; fileRef = 520C92F71FA7066500AA7C8E /* AppDelegate.swift */; };
		520C92FB1FA7066500AA7C8E /* Shopping_App.xcdatamodeld in Sources */ = {isa = PBXBuildFile; fileRef = 520C92F91FA7066500AA7C8E /* Shopping_App.xcdatamodeld */; };
		520C92FD1FA7066500AA7C8E /* MasterViewController.swift in Sources */ = {isa = PBXBuildFile; fileRef = 520C92FC1FA7066500AA7C8E /* MasterViewController.swift */; };
		520C92FF1FA7066500AA7C8E /* DetailViewController.swift in Sources */ = {isa = PBXBuildFile; fileRef = 520C92FE1FA7066500AA7C8E /* DetailViewController.swift */; };
		520C93021FA7066500AA7C8E /* Main.storyboard in Resources */ = {isa = PBXBuildFile; fileRef = 520C93001FA7066500AA7C8E /* Main.storyboard */; };
		520C93041FA7066500AA7C8E /* Assets.xcassets in Resources */ = {isa = PBXBuildFile; fileRef = 520C93031FA7066500AA7C8E /* Assets.xcassets */; };
		520C93071FA7066500AA7C8E /* LaunchScreen.storyboard in Resources */ = {isa = PBXBuildFile; fileRef = 520C93051FA7066500AA7C8E /* LaunchScreen.storyboard */; };
		5239C91F1FB99DEA0062A993 /* background.jpg in Resources */ = {isa = PBXBuildFile; fileRef = 5239C91E1FB99DEA0062A993 /* background.jpg */; };
		5239C9211FB9A3B60062A993 /* HomeViewController.swift in Sources */ = {isa = PBXBuildFile; fileRef = 5239C9201FB9A3B60062A993 /* HomeViewController.swift */; };
		5254449A1FC52CF100ECE7C4 /* CheckoutViewController.swift in Sources */ = {isa = PBXBuildFile; fileRef = 525444991FC52CF100ECE7C4 /* CheckoutViewController.swift */; };
		5254449E1FC6687C00ECE7C4 /* delivery.png in Resources */ = {isa = PBXBuildFile; fileRef = 5254449D1FC6687C00ECE7C4 /* delivery.png */; };
		525444A01FC66B9400ECE7C4 /* ConfirmationViewController.swift in Sources */ = {isa = PBXBuildFile; fileRef = 5254449F1FC66B9400ECE7C4 /* ConfirmationViewController.swift */; };
		525444A21FC69A0000ECE7C4 /* FinderViewController.swift in Sources */ = {isa = PBXBuildFile; fileRef = 525444A11FC69A0000ECE7C4 /* FinderViewController.swift */; };
		525444A41FC6BB7E00ECE7C4 /* SearchViewController.swift in Sources */ = {isa = PBXBuildFile; fileRef = 525444A31FC6BB7E00ECE7C4 /* SearchViewController.swift */; };
		52D843571FB425570055FA82 /* SwiftyJSON.swift in Sources */ = {isa = PBXBuildFile; fileRef = 52D843561FB425570055FA82 /* SwiftyJSON.swift */; };
		52D843591FB425CE0055FA82 /* Product.swift in Sources */ = {isa = PBXBuildFile; fileRef = 52D843581FB425CE0055FA82 /* Product.swift */; };
		52D8435B1FB46D800055FA82 /* ListViewController.swift in Sources */ = {isa = PBXBuildFile; fileRef = 52D8435A1FB46D800055FA82 /* ListViewController.swift */; };
		52DA0A6B1FBC0E950025DDF1 /* CartViewController.swift in Sources */ = {isa = PBXBuildFile; fileRef = 52DA0A6A1FBC0E950025DDF1 /* CartViewController.swift */; };
		52DA0A6D1FBC332B0025DDF1 /* CartCell.swift in Sources */ = {isa = PBXBuildFile; fileRef = 52DA0A6C1FBC332B0025DDF1 /* CartCell.swift */; };
		52E246AC1FBAB52E00B9992C /* ProductViewController.swift in Sources */ = {isa = PBXBuildFile; fileRef = 52E246AB1FBAB52E00B9992C /* ProductViewController.swift */; };
		52FDA0521FB2D0100059A25A /* Model.swift in Sources */ = {isa = PBXBuildFile; fileRef = 52FDA0511FB2D0100059A25A /* Model.swift */; };
		52FDA0541FB2D2A20059A25A /* SingletonManager.swift in Sources */ = {isa = PBXBuildFile; fileRef = 52FDA0531FB2D2A20059A25A /* SingletonManager.swift */; };
		52FDA0561FB2D5820059A25A /* Cell.swift in Sources */ = {isa = PBXBuildFile; fileRef = 52FDA0551FB2D5820059A25A /* Cell.swift */; };
/* End PBXBuildFile section */

/* Begin PBXFileReference section */
		520C92F41FA7066500AA7C8E /* Shopping App.app */ = {isa = PBXFileReference; explicitFileType = wrapper.application; includeInIndex = 0; path = "Shopping App.app"; sourceTree = BUILT_PRODUCTS_DIR; };
		520C92F71FA7066500AA7C8E /* AppDelegate.swift */ = {isa = PBXFileReference; lastKnownFileType = sourcecode.swift; path = AppDelegate.swift; sourceTree = "<group>"; };
		520C92FA1FA7066500AA7C8E /* Shopping_App.xcdatamodel */ = {isa = PBXFileReference; lastKnownFileType = wrapper.xcdatamodel; path = Shopping_App.xcdatamodel; sourceTree = "<group>"; };
		520C92FC1FA7066500AA7C8E /* MasterViewController.swift */ = {isa = PBXFileReference; lastKnownFileType = sourcecode.swift; path = MasterViewController.swift; sourceTree = "<group>"; };
		520C92FE1FA7066500AA7C8E /* DetailViewController.swift */ = {isa = PBXFileReference; lastKnownFileType = sourcecode.swift; path = DetailViewController.swift; sourceTree = "<group>"; };
		520C93011FA7066500AA7C8E /* Base */ = {isa = PBXFileReference; lastKnownFileType = file.storyboard; name = Base; path = Base.lproj/Main.storyboard; sourceTree = "<group>"; };
		520C93031FA7066500AA7C8E /* Assets.xcassets */ = {isa = PBXFileReference; lastKnownFileType = folder.assetcatalog; path = Assets.xcassets; sourceTree = "<group>"; };
		520C93061FA7066500AA7C8E /* Base */ = {isa = PBXFileReference; lastKnownFileType = file.storyboard; name = Base; path = Base.lproj/LaunchScreen.storyboard; sourceTree = "<group>"; };
		520C93081FA7066500AA7C8E /* Info.plist */ = {isa = PBXFileReference; lastKnownFileType = text.plist.xml; path = Info.plist; sourceTree = "<group>"; };
		5239C91E1FB99DEA0062A993 /* background.jpg */ = {isa = PBXFileReference; lastKnownFileType = image.jpeg; path = background.jpg; sourceTree = "<group>"; };
		5239C9201FB9A3B60062A993 /* HomeViewController.swift */ = {isa = PBXFileReference; fileEncoding = 4; lastKnownFileType = sourcecode.swift; path = HomeViewController.swift; sourceTree = "<group>"; };
		525444991FC52CF100ECE7C4 /* CheckoutViewController.swift */ = {isa = PBXFileReference; fileEncoding = 4; lastKnownFileType = sourcecode.swift; path = CheckoutViewController.swift; sourceTree = "<group>"; };
		5254449D1FC6687C00ECE7C4 /* delivery.png */ = {isa = PBXFileReference; lastKnownFileType = image.png; path = delivery.png; sourceTree = "<group>"; };
		5254449F1FC66B9400ECE7C4 /* ConfirmationViewController.swift */ = {isa = PBXFileReference; fileEncoding = 4; lastKnownFileType = sourcecode.swift; path = ConfirmationViewController.swift; sourceTree = "<group>"; };
		525444A11FC69A0000ECE7C4 /* FinderViewController.swift */ = {isa = PBXFileReference; fileEncoding = 4; lastKnownFileType = sourcecode.swift; path = FinderViewController.swift; sourceTree = "<group>"; };
		525444A31FC6BB7E00ECE7C4 /* SearchViewController.swift */ = {isa = PBXFileReference; fileEncoding = 4; lastKnownFileType = sourcecode.swift; path = SearchViewController.swift; sourceTree = "<group>"; };
		52D843561FB425570055FA82 /* SwiftyJSON.swift */ = {isa = PBXFileReference; fileEncoding = 4; lastKnownFileType = sourcecode.swift; path = SwiftyJSON.swift; sourceTree = "<group>"; };
		52D843581FB425CE0055FA82 /* Product.swift */ = {isa = PBXFileReference; fileEncoding = 4; lastKnownFileType = sourcecode.swift; path = Product.swift; sourceTree = "<group>"; };
		52D8435A1FB46D800055FA82 /* ListViewController.swift */ = {isa = PBXFileReference; fileEncoding = 4; lastKnownFileType = sourcecode.swift; path = ListViewController.swift; sourceTree = "<group>"; };
		52DA0A6A1FBC0E950025DDF1 /* CartViewController.swift */ = {isa = PBXFileReference; fileEncoding = 4; lastKnownFileType = sourcecode.swift; path = CartViewController.swift; sourceTree = "<group>"; };
		52DA0A6C1FBC332B0025DDF1 /* CartCell.swift */ = {isa = PBXFileReference; fileEncoding = 4; lastKnownFileType = sourcecode.swift; path = CartCell.swift; sourceTree = "<group>"; };
		52E246AB1FBAB52E00B9992C /* ProductViewController.swift */ = {isa = PBXFileReference; fileEncoding = 4; lastKnownFileType = sourcecode.swift; path = ProductViewController.swift; sourceTree = "<group>"; };
		52FDA0511FB2D0100059A25A /* Model.swift */ = {isa = PBXFileReference; fileEncoding = 4; lastKnownFileType = sourcecode.swift; path = Model.swift; sourceTree = "<group>"; };
		52FDA0531FB2D2A20059A25A /* SingletonManager.swift */ = {isa = PBXFileReference; fileEncoding = 4; lastKnownFileType = sourcecode.swift; path = SingletonManager.swift; sourceTree = "<group>"; };
		52FDA0551FB2D5820059A25A /* Cell.swift */ = {isa = PBXFileReference; fileEncoding = 4; lastKnownFileType = sourcecode.swift; path = Cell.swift; sourceTree = "<group>"; };
/* End PBXFileReference section */

/* Begin PBXFrameworksBuildPhase section */
		520C92F11FA7066500AA7C8E /* Frameworks */ = {
			isa = PBXFrameworksBuildPhase;
			buildActionMask = 2147483647;
			files = (
			);
			runOnlyForDeploymentPostprocessing = 0;
		};
/* End PBXFrameworksBuildPhase section */

/* Begin PBXGroup section */
		520C92EB1FA7066500AA7C8E = {
			isa = PBXGroup;
			children = (
				520C92F61FA7066500AA7C8E /* Shopping App */,
				520C92F51FA7066500AA7C8E /* Products */,
			);
			sourceTree = "<group>";
		};
		520C92F51FA7066500AA7C8E /* Products */ = {
			isa = PBXGroup;
			children = (
				520C92F41FA7066500AA7C8E /* Shopping App.app */,
			);
			name = Products;
			sourceTree = "<group>";
		};
		520C92F61FA7066500AA7C8E /* Shopping App */ = {
			isa = PBXGroup;
			children = (
				520C92F71FA7066500AA7C8E /* AppDelegate.swift */,
				52D843561FB425570055FA82 /* SwiftyJSON.swift */,
				520C92FC1FA7066500AA7C8E /* MasterViewController.swift */,
				52FDA0551FB2D5820059A25A /* Cell.swift */,
				52FDA0511FB2D0100059A25A /* Model.swift */,
				52FDA0531FB2D2A20059A25A /* SingletonManager.swift */,
				520C92FE1FA7066500AA7C8E /* DetailViewController.swift */,
				520C93001FA7066500AA7C8E /* Main.storyboard */,
				525444A31FC6BB7E00ECE7C4 /* SearchViewController.swift */,
				525444A11FC69A0000ECE7C4 /* FinderViewController.swift */,
				5254449F1FC66B9400ECE7C4 /* ConfirmationViewController.swift */,
				52DA0A6C1FBC332B0025DDF1 /* CartCell.swift */,
				52DA0A6A1FBC0E950025DDF1 /* CartViewController.swift */,
				525444991FC52CF100ECE7C4 /* CheckoutViewController.swift */,
				52E246AB1FBAB52E00B9992C /* ProductViewController.swift */,
				5239C9201FB9A3B60062A993 /* HomeViewController.swift */,
				52D8435A1FB46D800055FA82 /* ListViewController.swift */,
				52D843581FB425CE0055FA82 /* Product.swift */,
				520C93031FA7066500AA7C8E /* Assets.xcassets */,
				5239C91D1FB99DCE0062A993 /* Supporting Files */,
				520C93051FA7066500AA7C8E /* LaunchScreen.storyboard */,
				520C93081FA7066500AA7C8E /* Info.plist */,
				520C92F91FA7066500AA7C8E /* Shopping_App.xcdatamodeld */,
			);
			path = "Shopping App";
			sourceTree = "<group>";
		};
		5239C91D1FB99DCE0062A993 /* Supporting Files */ = {
			isa = PBXGroup;
			children = (
				5254449D1FC6687C00ECE7C4 /* delivery.png */,
				5239C91E1FB99DEA0062A993 /* background.jpg */,
			);
			name = "Supporting Files";
			sourceTree = "<group>";
		};
/* End PBXGroup section */

/* Begin PBXNativeTarget section */
		520C92F31FA7066500AA7C8E /* Shopping App */ = {
			isa = PBXNativeTarget;
			buildConfigurationList = 520C930B1FA7066500AA7C8E /* Build configuration list for PBXNativeTarget "Shopping App" */;
			buildPhases = (
				520C92F01FA7066500AA7C8E /* Sources */,
				520C92F11FA7066500AA7C8E /* Frameworks */,
				520C92F21FA7066500AA7C8E /* Resources */,
			);
			buildRules = (
			);
			dependencies = (
			);
			name = "Shopping App";
			productName = "Shopping App";
			productReference = 520C92F41FA7066500AA7C8E /* Shopping App.app */;
			productType = "com.apple.product-type.application";
		};
/* End PBXNativeTarget section */

/* Begin PBXProject section */
		520C92EC1FA7066500AA7C8E /* Project object */ = {
			isa = PBXProject;
			attributes = {
				LastSwiftUpdateCheck = 0830;
				LastUpgradeCheck = 0940;
				ORGANIZATIONNAME = "Shyam Pindoria";
				TargetAttributes = {
					520C92F31FA7066500AA7C8E = {
						CreatedOnToolsVersion = 8.3.3;
						DevelopmentTeam = RQX57GVZAX;
						LastSwiftMigration = 0940;
						ProvisioningStyle = Automatic;
					};
				};
			};
			buildConfigurationList = 520C92EF1FA7066500AA7C8E /* Build configuration list for PBXProject "Shopping App" */;
			compatibilityVersion = "Xcode 3.2";
			developmentRegion = English;
			hasScannedForEncodings = 0;
			knownRegions = (
				en,
				Base,
			);
			mainGroup = 520C92EB1FA7066500AA7C8E;
			productRefGroup = 520C92F51FA7066500AA7C8E /* Products */;
			projectDirPath = "";
			projectRoot = "";
			targets = (
				520C92F31FA7066500AA7C8E /* Shopping App */,
			);
		};
/* End PBXProject section */

/* Begin PBXResourcesBuildPhase section */
		520C92F21FA7066500AA7C8E /* Resources */ = {
			isa = PBXResourcesBuildPhase;
			buildActionMask = 2147483647;
			files = (
				5254449E1FC6687C00ECE7C4 /* delivery.png in Resources */,
				520C93071FA7066500AA7C8E /* LaunchScreen.storyboard in Resources */,
				5239C91F1FB99DEA0062A993 /* background.jpg in Resources */,
				520C93041FA7066500AA7C8E /* Assets.xcassets in Resources */,
				520C93021FA7066500AA7C8E /* Main.storyboard in Resources */,
			);
			runOnlyForDeploymentPostprocessing = 0;
		};
/* End PBXResourcesBuildPhase section */

/* Begin PBXSourcesBuildPhase section */
		520C92F01FA7066500AA7C8E /* Sources */ = {
			isa = PBXSourcesBuildPhase;
			buildActionMask = 2147483647;
			files = (
				525444A21FC69A0000ECE7C4 /* FinderViewController.swift in Sources */,
				52FDA0521FB2D0100059A25A /* Model.swift in Sources */,
				52DA0A6D1FBC332B0025DDF1 /* CartCell.swift in Sources */,
				52DA0A6B1FBC0E950025DDF1 /* CartViewController.swift in Sources */,
				520C92F81FA7066500AA7C8E /* AppDelegate.swift in Sources */,
				52D843591FB425CE0055FA82 /* Product.swift in Sources */,
				52FDA0561FB2D5820059A25A /* Cell.swift in Sources */,
				525444A01FC66B9400ECE7C4 /* ConfirmationViewController.swift in Sources */,
				52D843571FB425570055FA82 /* SwiftyJSON.swift in Sources */,
				520C92FB1FA7066500AA7C8E /* Shopping_App.xcdatamodeld in Sources */,
				52E246AC1FBAB52E00B9992C /* ProductViewController.swift in Sources */,
				520C92FD1FA7066500AA7C8E /* MasterViewController.swift in Sources */,
				525444A41FC6BB7E00ECE7C4 /* SearchViewController.swift in Sources */,
				5239C9211FB9A3B60062A993 /* HomeViewController.swift in Sources */,
				520C92FF1FA7066500AA7C8E /* DetailViewController.swift in Sources */,
				52D8435B1FB46D800055FA82 /* ListViewController.swift in Sources */,
				5254449A1FC52CF100ECE7C4 /* CheckoutViewController.swift in Sources */,
				52FDA0541FB2D2A20059A25A /* SingletonManager.swift in Sources */,
			);
			runOnlyForDeploymentPostprocessing = 0;
		};
/* End PBXSourcesBuildPhase section */

/* Begin PBXVariantGroup section */
		520C93001FA7066500AA7C8E /* Main.storyboard */ = {
			isa = PBXVariantGroup;
			children = (
				520C93011FA7066500AA7C8E /* Base */,
			);
			name = Main.storyboard;
			sourceTree = "<group>";
		};
		520C93051FA7066500AA7C8E /* LaunchScreen.storyboard */ = {
			isa = PBXVariantGroup;
			children = (
				520C93061FA7066500AA7C8E /* Base */,
			);
			name = LaunchScreen.storyboard;
			sourceTree = "<group>";
		};
/* End PBXVariantGroup section */

/* Begin XCBuildConfiguration section */
		520C93091FA7066500AA7C8E /* Debug */ = {
			isa = XCBuildConfiguration;
			buildSettings = {
				ALWAYS_SEARCH_USER_PATHS = NO;
				CLANG_ANALYZER_NONNULL = YES;
				CLANG_ANALYZER_NUMBER_OBJECT_CONVERSION = YES_AGGRESSIVE;
				CLANG_CXX_LANGUAGE_STANDARD = "gnu++0x";
				CLANG_CXX_LIBRARY = "libc++";
				CLANG_ENABLE_MODULES = YES;
				CLANG_ENABLE_OBJC_ARC = YES;
				CLANG_WARN_BLOCK_CAPTURE_AUTORELEASING = YES;
				CLANG_WARN_BOOL_CONVERSION = YES;
				CLANG_WARN_COMMA = YES;
				CLANG_WARN_CONSTANT_CONVERSION = YES;
				CLANG_WARN_DEPRECATED_OBJC_IMPLEMENTATIONS = YES;
				CLANG_WARN_DIRECT_OBJC_ISA_USAGE = YES_ERROR;
				CLANG_WARN_DOCUMENTATION_COMMENTS = YES;
				CLANG_WARN_EMPTY_BODY = YES;
				CLANG_WARN_ENUM_CONVERSION = YES;
				CLANG_WARN_INFINITE_RECURSION = YES;
				CLANG_WARN_INT_CONVERSION = YES;
				CLANG_WARN_NON_LITERAL_NULL_CONVERSION = YES;
				CLANG_WARN_OBJC_IMPLICIT_RETAIN_SELF = YES;
				CLANG_WARN_OBJC_LITERAL_CONVERSION = YES;
				CLANG_WARN_OBJC_ROOT_CLASS = YES_ERROR;
				CLANG_WARN_RANGE_LOOP_ANALYSIS = YES;
				CLANG_WARN_STRICT_PROTOTYPES = YES;
				CLANG_WARN_SUSPICIOUS_MOVE = YES;
				CLANG_WARN_UNREACHABLE_CODE = YES;
				CLANG_WARN__DUPLICATE_METHOD_MATCH = YES;
				"CODE_SIGN_IDENTITY[sdk=iphoneos*]" = "iPhone Developer";
				COPY_PHASE_STRIP = NO;
				DEBUG_INFORMATION_FORMAT = dwarf;
				ENABLE_STRICT_OBJC_MSGSEND = YES;
				ENABLE_TESTABILITY = YES;
				GCC_C_LANGUAGE_STANDARD = gnu99;
				GCC_DYNAMIC_NO_PIC = NO;
				GCC_NO_COMMON_BLOCKS = YES;
				GCC_OPTIMIZATION_LEVEL = 0;
				GCC_PREPROCESSOR_DEFINITIONS = (
					"DEBUG=1",
					"$(inherited)",
				);
				GCC_WARN_64_TO_32_BIT_CONVERSION = YES;
				GCC_WARN_ABOUT_RETURN_TYPE = YES_ERROR;
				GCC_WARN_UNDECLARED_SELECTOR = YES;
				GCC_WARN_UNINITIALIZED_AUTOS = YES_AGGRESSIVE;
				GCC_WARN_UNUSED_FUNCTION = YES;
				GCC_WARN_UNUSED_VARIABLE = YES;
				IPHONEOS_DEPLOYMENT_TARGET = 10.3;
				MTL_ENABLE_DEBUG_INFO = YES;
				ONLY_ACTIVE_ARCH = YES;
				SDKROOT = iphoneos;
				SWIFT_ACTIVE_COMPILATION_CONDITIONS = DEBUG;
				SWIFT_OPTIMIZATION_LEVEL = "-Onone";
				TARGETED_DEVICE_FAMILY = "1,2";
			};
			name = Debug;
		};
		520C930A1FA7066500AA7C8E /* Release */ = {
			isa = XCBuildConfiguration;
			buildSettings = {
				ALWAYS_SEARCH_USER_PATHS = NO;
				CLANG_ANALYZER_NONNULL = YES;
				CLANG_ANALYZER_NUMBER_OBJECT_CONVERSION = YES_AGGRESSIVE;
				CLANG_CXX_LANGUAGE_STANDARD = "gnu++0x";
				CLANG_CXX_LIBRARY = "libc++";
				CLANG_ENABLE_MODULES = YES;
				CLANG_ENABLE_OBJC_ARC = YES;
				CLANG_WARN_BLOCK_CAPTURE_AUTORELEASING = YES;
				CLANG_WARN_BOOL_CONVERSION = YES;
				CLANG_WARN_COMMA = YES;
				CLANG_WARN_CONSTANT_CONVERSION = YES;
				CLANG_WARN_DEPRECATED_OBJC_IMPLEMENTATIONS = YES;
				CLANG_WARN_DIRECT_OBJC_ISA_USAGE = YES_ERROR;
				CLANG_WARN_DOCUMENTATION_COMMENTS = YES;
				CLANG_WARN_EMPTY_BODY = YES;
				CLANG_WARN_ENUM_CONVERSION = YES;
				CLANG_WARN_INFINITE_RECURSION = YES;
				CLANG_WARN_INT_CONVERSION = YES;
				CLANG_WARN_NON_LITERAL_NULL_CONVERSION = YES;
				CLANG_WARN_OBJC_IMPLICIT_RETAIN_SELF = YES;
				CLANG_WARN_OBJC_LITERAL_CONVERSION = YES;
				CLANG_WARN_OBJC_ROOT_CLASS = YES_ERROR;
				CLANG_WARN_RANGE_LOOP_ANALYSIS = YES;
				CLANG_WARN_STRICT_PROTOTYPES = YES;
				CLANG_WARN_SUSPICIOUS_MOVE = YES;
				CLANG_WARN_UNREACHABLE_CODE = YES;
				CLANG_WARN__DUPLICATE_METHOD_MATCH = YES;
				"CODE_SIGN_IDENTITY[sdk=iphoneos*]" = "iPhone Developer";
				COPY_PHASE_STRIP = NO;
				DEBUG_INFORMATION_FORMAT = "dwarf-with-dsym";
				ENABLE_NS_ASSERTIONS = NO;
				ENABLE_STRICT_OBJC_MSGSEND = YES;
				GCC_C_LANGUAGE_STANDARD = gnu99;
				GCC_NO_COMMON_BLOCKS = YES;
				GCC_WARN_64_TO_32_BIT_CONVERSION = YES;
				GCC_WARN_ABOUT_RETURN_TYPE = YES_ERROR;
				GCC_WARN_UNDECLARED_SELECTOR = YES;
				GCC_WARN_UNINITIALIZED_AUTOS = YES_AGGRESSIVE;
				GCC_WARN_UNUSED_FUNCTION = YES;
				GCC_WARN_UNUSED_VARIABLE = YES;
				IPHONEOS_DEPLOYMENT_TARGET = 10.3;
				MTL_ENABLE_DEBUG_INFO = NO;
				SDKROOT = iphoneos;
				SWIFT_OPTIMIZATION_LEVEL = "-Owholemodule";
				TARGETED_DEVICE_FAMILY = "1,2";
				VALIDATE_PRODUCT = YES;
			};
			name = Release;
		};
		520C930C1FA7066500AA7C8E /* Debug */ = {
			isa = XCBuildConfiguration;
			buildSettings = {
				ASSETCATALOG_COMPILER_APPICON_NAME = AppIcon;
				DEVELOPMENT_TEAM = RQX57GVZAX;
				INFOPLIST_FILE = "Shopping App/Info.plist";
				LD_RUNPATH_SEARCH_PATHS = "$(inherited) @executable_path/Frameworks";
				PRODUCT_BUNDLE_IDENTIFIER = com.Shyam.ShoppingApp;
				PRODUCT_NAME = "$(TARGET_NAME)";
				SWIFT_SWIFT3_OBJC_INFERENCE = On;
				SWIFT_VERSION = 4.0;
			};
			name = Debug;
		};
		520C930D1FA7066500AA7C8E /* Release */ = {
			isa = XCBuildConfiguration;
			buildSettings = {
				ASSETCATALOG_COMPILER_APPICON_NAME = AppIcon;
				DEVELOPMENT_TEAM = RQX57GVZAX;
				INFOPLIST_FILE = "Shopping App/Info.plist";
				LD_RUNPATH_SEARCH_PATHS = "$(inherited) @executable_path/Frameworks";
				PRODUCT_BUNDLE_IDENTIFIER = com.Shyam.ShoppingApp;
				PRODUCT_NAME = "$(TARGET_NAME)";
				SWIFT_SWIFT3_OBJC_INFERENCE = On;
				SWIFT_VERSION = 4.0;
			};
			name = Release;
		};
/* End XCBuildConfiguration section */

/* Begin XCConfigurationList section */
		520C92EF1FA7066500AA7C8E /* Build configuration list for PBXProject "Shopping App" */ = {
			isa = XCConfigurationList;
			buildConfigurations = (
				520C93091FA7066500AA7C8E /* Debug */,
				520C930A1FA7066500AA7C8E /* Release */,
			);
			defaultConfigurationIsVisible = 0;
			defaultConfigurationName = Release;
		};
		520C930B1FA7066500AA7C8E /* Build configuration list for PBXNativeTarget "Shopping App" */ = {
			isa = XCConfigurationList;
			buildConfigurations = (
				520C930C1FA7066500AA7C8E /* Debug */,
				520C930D1FA7066500AA7C8E /* Release */,
			);
			defaultConfigurationIsVisible = 0;
			defaultConfigurationName = Release;
		};
/* End XCConfigurationList section */

/* Begin XCVersionGroup section */
		520C92F91FA7066500AA7C8E /* Shopping_App.xcdatamodeld */ = {
			isa = XCVersionGroup;
			children = (
				520C92FA1FA7066500AA7C8E /* Shopping_App.xcdatamodel */,
			);
			currentVersion = 520C92FA1FA7066500AA7C8E /* Shopping_App.xcdatamodel */;
			path = Shopping_App.xcdatamodeld;
			sourceTree = "<group>";
			versionGroupType = wrapper.xcdatamodel;
		};
/* End XCVersionGroup section */
	};
	rootObject = 520C92EC1FA7066500AA7C8E /* Project object */;
}
